
Microsoft Visual Studio Solution File, Format Version 12.00
# Visual Studio Version 17
VisualStudioVersion = 17.9.34622.214
MinimumVisualStudioVersion = 10.0.40219.1
Project("{9A19103F-16F7-4668-BE54-9A1E7A4F7556}") = "BlogSitesi.DAL", "BlogSitesi.DAL\BlogSitesi.DAL.csproj", "{15799BDD-AE6A-4DF2-9023-0668B529ACF2}"
EndProject
Project("{9A19103F-16F7-4668-BE54-9A1E7A4F7556}") = "BlogSitesi.BL", "BlogSitesi.BL\BlogSitesi.BL.csproj", "{5247AE0A-D4B5-4EBC-BAE4-ADD45E87D735}"
EndProject
Project("{9A19103F-16F7-4668-BE54-9A1E7A4F7556}") = "BlogSitesi.PL", "MVCBlogSitesi.PL\BlogSitesi.PL.csproj", "{238C680C-C922-44B5-9D76-7DCBC542D2F5}"
EndProject
Global
	GlobalSection(SolutionConfigurationPlatforms) = preSolution
		Debug|Any CPU = Debug|Any CPU
		Release|Any CPU = Release|Any CPU
	EndGlobalSection
	GlobalSection(ProjectConfigurationPlatforms) = postSolution
		{15799BDD-AE6A-4DF2-9023-0668B529ACF2}.Debug|Any CPU.ActiveCfg = Debug|Any CPU
		{15799BDD-AE6A-4DF2-9023-0668B529ACF2}.Debug|Any CPU.Build.0 = Debug|Any CPU
		{15799BDD-AE6A-4DF2-9023-0668B529ACF2}.Release|Any CPU.ActiveCfg = Release|Any CPU
		{15799BDD-AE6A-4DF2-9023-0668B529ACF2}.Release|Any CPU.Build.0 = Release|Any CPU
		{5247AE0A-D4B5-4EBC-BAE4-ADD45E87D735}.Debug|Any CPU.ActiveCfg = Debug|Any CPU
		{5247AE0A-D4B5-4EBC-BAE4-ADD45E87D735}.Debug|Any CPU.Build.0 = Debug|Any CPU
		{5247AE0A-D4B5-4EBC-BAE4-ADD45E87D735}.Release|Any CPU.ActiveCfg = Release|Any CPU
		{5247AE0A-D4B5-4EBC-BAE4-ADD45E87D735}.Release|Any CPU.Build.0 = Release|Any CPU
		{238C680C-C922-44B5-9D76-7DCBC542D2F5}.Debug|Any CPU.ActiveCfg = Debug|Any CPU
		{238C680C-C922-44B5-9D76-7DCBC542D2F5}.Debug|Any CPU.Build.0 = Debug|Any CPU
		{238C680C-C922-44B5-9D76-7DCBC542D2F5}.Release|Any CPU.ActiveCfg = Release|Any CPU
		{238C680C-C922-44B5-9D76-7DCBC542D2F5}.Release|Any CPU.Build.0 = Release|Any CPU
	EndGlobalSection
	GlobalSection(SolutionProperties) = preSolution
		HideSolutionNode = FALSE
	EndGlobalSection
	GlobalSection(ExtensibilityGlobals) = postSolution
		SolutionGuid = {F5968E74-D864-462D-BDDF-894BC36665E5}
	EndGlobalSection
EndGlobal
